
Microsoft Visual Studio Solution File, Format Version 12.00
# Visual Studio 2013
VisualStudioVersion = 12.0.30723.0
MinimumVisualStudioVersion = 10.0.40219.1
Project("{FAE04EC0-301F-11D3-BF4B-00C04F79EFBC}") = "AniLiteWebSite", "AniLiteWebSite\AniLiteWebSite.csproj", "{63761E61-CFF1-4BB6-89F7-46DF541A925E}"
EndProject
Project("{2150E333-8FDC-42A3-9474-1A3956D46DE8}") = "Информация", "Информация", "{738C292B-7A78-4CB4-906E-FD4B94D3DDA7}"
	ProjectSection(SolutionItems) = preProject
		TextFile1.txt = TextFile1.txt
	EndProjectSection
EndProject
Global
	GlobalSection(SolutionConfigurationPlatforms) = preSolution
		Debug|Any CPU = Debug|Any CPU
		Release|Any CPU = Release|Any CPU
	EndGlobalSection
	GlobalSection(ProjectConfigurationPlatforms) = postSolution
		{63761E61-CFF1-4BB6-89F7-46DF541A925E}.Debug|Any CPU.ActiveCfg = Debug|Any CPU
		{63761E61-CFF1-4BB6-89F7-46DF541A925E}.Debug|Any CPU.Build.0 = Debug|Any CPU
		{63761E61-CFF1-4BB6-89F7-46DF541A925E}.Release|Any CPU.ActiveCfg = Release|Any CPU
		{63761E61-CFF1-4BB6-89F7-46DF541A925E}.Release|Any CPU.Build.0 = Release|Any CPU
	EndGlobalSection
	GlobalSection(SolutionProperties) = preSolution
		HideSolutionNode = FALSE
	EndGlobalSection
EndGlobal
